// !$*UTF8*$!
{
	archiveVersion = 1;
	classes = {
	};
	objectVersion = 46;
	objects = {

/* Begin PBXBuildFile section */
		6816F0261DF15D2D00BF0DE6 /* NetworkHandler.swift in Sources */ = {isa = PBXBuildFile; fileRef = 6816F0251DF15D2D00BF0DE6 /* NetworkHandler.swift */; };
		6816F0281DF1822700BF0DE6 /* SimEntity.swift in Sources */ = {isa = PBXBuildFile; fileRef = 6816F0271DF1822700BF0DE6 /* SimEntity.swift */; };
		6816F02A1DF1855100BF0DE6 /* TaskPhaseTime.swift in Sources */ = {isa = PBXBuildFile; fileRef = 6816F0291DF1855100BF0DE6 /* TaskPhaseTime.swift */; };
		6816F02C1DF19C2100BF0DE6 /* CloudletStatisticsData.swift in Sources */ = {isa = PBXBuildFile; fileRef = 6816F02B1DF19C2100BF0DE6 /* CloudletStatisticsData.swift */; };
		6816F02E1DF1A29000BF0DE6 /* Pe.swift in Sources */ = {isa = PBXBuildFile; fileRef = 6816F02D1DF1A29000BF0DE6 /* Pe.swift */; };
		6816F0301DF1A2A100BF0DE6 /* PeList.swift in Sources */ = {isa = PBXBuildFile; fileRef = 6816F02F1DF1A2A100BF0DE6 /* PeList.swift */; };
		6816F0321DF1A56B00BF0DE6 /* NetworkBroker.swift in Sources */ = {isa = PBXBuildFile; fileRef = 6816F0311DF1A56B00BF0DE6 /* NetworkBroker.swift */; };
		6816F0341DF1AA3B00BF0DE6 /* CloudletLever.swift in Sources */ = {isa = PBXBuildFile; fileRef = 6816F0331DF1AA3B00BF0DE6 /* CloudletLever.swift */; };
		688CD17E1DEEDA9C00EA1414 /* AppDelegate.swift in Sources */ = {isa = PBXBuildFile; fileRef = 688CD17D1DEEDA9C00EA1414 /* AppDelegate.swift */; };
		688CD1801DEEDA9C00EA1414 /* Assets.xcassets in Resources */ = {isa = PBXBuildFile; fileRef = 688CD17F1DEEDA9C00EA1414 /* Assets.xcassets */; };
		688CD1831DEEDA9C00EA1414 /* MainMenu.xib in Resources */ = {isa = PBXBuildFile; fileRef = 688CD1811DEEDA9C00EA1414 /* MainMenu.xib */; };
		688CD18C1DEEDC6D00EA1414 /* M3CSim.swift in Sources */ = {isa = PBXBuildFile; fileRef = 688CD18B1DEEDC6D00EA1414 /* M3CSim.swift */; };
		688CD18E1DEEDE9F00EA1414 /* SimBroker.swift in Sources */ = {isa = PBXBuildFile; fileRef = 688CD18D1DEEDE9F00EA1414 /* SimBroker.swift */; };
		688CD1901DEEE06300EA1414 /* Cloudlet.swift in Sources */ = {isa = PBXBuildFile; fileRef = 688CD18F1DEEE06300EA1414 /* Cloudlet.swift */; };
		688CD1921DEEE07300EA1414 /* Task.swift in Sources */ = {isa = PBXBuildFile; fileRef = 688CD1911DEEE07300EA1414 /* Task.swift */; };
		688CD1941DEEE08200EA1414 /* Host.swift in Sources */ = {isa = PBXBuildFile; fileRef = 688CD1931DEEE08200EA1414 /* Host.swift */; };
		688CD1981DEEE23100EA1414 /* CloudletBroker.swift in Sources */ = {isa = PBXBuildFile; fileRef = 688CD1971DEEE23100EA1414 /* CloudletBroker.swift */; };
		688CD19A1DEEE2AF00EA1414 /* NetworkTopologyGraph.swift in Sources */ = {isa = PBXBuildFile; fileRef = 688CD1991DEEE2AF00EA1414 /* NetworkTopologyGraph.swift */; };
		688CD19C1DEEE51F00EA1414 /* TaskMaker.swift in Sources */ = {isa = PBXBuildFile; fileRef = 688CD19B1DEEE51F00EA1414 /* TaskMaker.swift */; };
		688CD19E1DEEE58B00EA1414 /* M3CBroker.swift in Sources */ = {isa = PBXBuildFile; fileRef = 688CD19D1DEEE58B00EA1414 /* M3CBroker.swift */; };
		688CD1A01DEEE60D00EA1414 /* PeProvisioner.swift in Sources */ = {isa = PBXBuildFile; fileRef = 688CD19F1DEEE60D00EA1414 /* PeProvisioner.swift */; };
		688CD1A21DEEE62000EA1414 /* RamProvisioner.swift in Sources */ = {isa = PBXBuildFile; fileRef = 688CD1A11DEEE62000EA1414 /* RamProvisioner.swift */; };
		688CD1A41DEEE62D00EA1414 /* BwProvisioner.swift in Sources */ = {isa = PBXBuildFile; fileRef = 688CD1A31DEEE62D00EA1414 /* BwProvisioner.swift */; };
		688CD1A91DEEE69400EA1414 /* Dijkstra.swift in Sources */ = {isa = PBXBuildFile; fileRef = 688CD1A71DEEE69400EA1414 /* Dijkstra.swift */; };
		688CD1AA1DEEE69400EA1414 /* Constants.swift in Sources */ = {isa = PBXBuildFile; fileRef = 688CD1A81DEEE69400EA1414 /* Constants.swift */; };
		688CD1AC1DEEE73A00EA1414 /* AlgorithmAdapter.swift in Sources */ = {isa = PBXBuildFile; fileRef = 688CD1AB1DEEE73A00EA1414 /* AlgorithmAdapter.swift */; };
		688CD1AF1DEEE90500EA1414 /* TaskQueue.swift in Sources */ = {isa = PBXBuildFile; fileRef = 688CD1AE1DEEE90500EA1414 /* TaskQueue.swift */; };
		688CD1B11DEEE91700EA1414 /* CloudletList.swift in Sources */ = {isa = PBXBuildFile; fileRef = 688CD1B01DEEE91700EA1414 /* CloudletList.swift */; };
		688CD1B31DEEE93700EA1414 /* HostList.swift in Sources */ = {isa = PBXBuildFile; fileRef = 688CD1B21DEEE93700EA1414 /* HostList.swift */; };
		688CD1B51DEEE96100EA1414 /* CloudletBrokerList.swift in Sources */ = {isa = PBXBuildFile; fileRef = 688CD1B41DEEE96100EA1414 /* CloudletBrokerList.swift */; };
		688CD1B71DEEE9AE00EA1414 /* RandomMath.swift in Sources */ = {isa = PBXBuildFile; fileRef = 688CD1B61DEEE9AE00EA1414 /* RandomMath.swift */; };
		688CD1BA1DEEEF3C00EA1414 /* NSDate-extension.swift in Sources */ = {isa = PBXBuildFile; fileRef = 688CD1B91DEEEF3C00EA1414 /* NSDate-extension.swift */; };
		688CD1BC1DEEF2D400EA1414 /* Log.swift in Sources */ = {isa = PBXBuildFile; fileRef = 688CD1BB1DEEF2D400EA1414 /* Log.swift */; };
		688CD1BE1DEEF87D00EA1414 /* TaskStatus.swift in Sources */ = {isa = PBXBuildFile; fileRef = 688CD1BD1DEEF87D00EA1414 /* TaskStatus.swift */; };
		688CD1C01DEEFD3F00EA1414 /* TaskTargetLever.swift in Sources */ = {isa = PBXBuildFile; fileRef = 688CD1BF1DEEFD3F00EA1414 /* TaskTargetLever.swift */; };
		688CD1C21DEF004600EA1414 /* ExecutionResource.swift in Sources */ = {isa = PBXBuildFile; fileRef = 688CD1C11DEF004600EA1414 /* ExecutionResource.swift */; };
		6893407F1DF009030075926C /* TaskQueueType.swift in Sources */ = {isa = PBXBuildFile; fileRef = 6893407E1DF009030075926C /* TaskQueueType.swift */; };
		689340811DF023070075926C /* AlgorithmType.swift in Sources */ = {isa = PBXBuildFile; fileRef = 689340801DF023070075926C /* AlgorithmType.swift */; };
		689340871DF037010075926C /* GlobalHandler.swift in Sources */ = {isa = PBXBuildFile; fileRef = 689340861DF037010075926C /* GlobalHandler.swift */; };
/* End PBXBuildFile section */

/* Begin PBXFileReference section */
		6816F0251DF15D2D00BF0DE6 /* NetworkHandler.swift */ = {isa = PBXFileReference; fileEncoding = 4; lastKnownFileType = sourcecode.swift; path = NetworkHandler.swift; sourceTree = "<group>"; };
		6816F0271DF1822700BF0DE6 /* SimEntity.swift */ = {isa = PBXFileReference; fileEncoding = 4; lastKnownFileType = sourcecode.swift; path = SimEntity.swift; sourceTree = "<group>"; };
		6816F0291DF1855100BF0DE6 /* TaskPhaseTime.swift */ = {isa = PBXFileReference; fileEncoding = 4; lastKnownFileType = sourcecode.swift; path = TaskPhaseTime.swift; sourceTree = "<group>"; };
		6816F02B1DF19C2100BF0DE6 /* CloudletStatisticsData.swift */ = {isa = PBXFileReference; fileEncoding = 4; lastKnownFileType = sourcecode.swift; path = CloudletStatisticsData.swift; sourceTree = "<group>"; };
		6816F02D1DF1A29000BF0DE6 /* Pe.swift */ = {isa = PBXFileReference; fileEncoding = 4; lastKnownFileType = sourcecode.swift; path = Pe.swift; sourceTree = "<group>"; };
		6816F02F1DF1A2A100BF0DE6 /* PeList.swift */ = {isa = PBXFileReference; fileEncoding = 4; lastKnownFileType = sourcecode.swift; path = PeList.swift; sourceTree = "<group>"; };
		6816F0311DF1A56B00BF0DE6 /* NetworkBroker.swift */ = {isa = PBXFileReference; fileEncoding = 4; lastKnownFileType = sourcecode.swift; path = NetworkBroker.swift; sourceTree = "<group>"; };
		6816F0331DF1AA3B00BF0DE6 /* CloudletLever.swift */ = {isa = PBXFileReference; fileEncoding = 4; lastKnownFileType = sourcecode.swift; path = CloudletLever.swift; sourceTree = "<group>"; };
		688CD17A1DEEDA9C00EA1414 /* M3CSim.app */ = {isa = PBXFileReference; explicitFileType = wrapper.application; includeInIndex = 0; path = M3CSim.app; sourceTree = BUILT_PRODUCTS_DIR; };
		688CD17D1DEEDA9C00EA1414 /* AppDelegate.swift */ = {isa = PBXFileReference; lastKnownFileType = sourcecode.swift; path = AppDelegate.swift; sourceTree = "<group>"; };
		688CD17F1DEEDA9C00EA1414 /* Assets.xcassets */ = {isa = PBXFileReference; lastKnownFileType = folder.assetcatalog; path = Assets.xcassets; sourceTree = "<group>"; };
		688CD1821DEEDA9C00EA1414 /* Base */ = {isa = PBXFileReference; lastKnownFileType = file.xib; name = Base; path = Base.lproj/MainMenu.xib; sourceTree = "<group>"; };
		688CD1841DEEDA9C00EA1414 /* Info.plist */ = {isa = PBXFileReference; lastKnownFileType = text.plist.xml; path = Info.plist; sourceTree = "<group>"; };
		688CD18B1DEEDC6D00EA1414 /* M3CSim.swift */ = {isa = PBXFileReference; fileEncoding = 4; lastKnownFileType = sourcecode.swift; path = M3CSim.swift; sourceTree = "<group>"; };
		688CD18D1DEEDE9F00EA1414 /* SimBroker.swift */ = {isa = PBXFileReference; fileEncoding = 4; lastKnownFileType = sourcecode.swift; path = SimBroker.swift; sourceTree = "<group>"; };
		688CD18F1DEEE06300EA1414 /* Cloudlet.swift */ = {isa = PBXFileReference; fileEncoding = 4; lastKnownFileType = sourcecode.swift; path = Cloudlet.swift; sourceTree = "<group>"; };
		688CD1911DEEE07300EA1414 /* Task.swift */ = {isa = PBXFileReference; fileEncoding = 4; lastKnownFileType = sourcecode.swift; path = Task.swift; sourceTree = "<group>"; };
		688CD1931DEEE08200EA1414 /* Host.swift */ = {isa = PBXFileReference; fileEncoding = 4; lastKnownFileType = sourcecode.swift; path = Host.swift; sourceTree = "<group>"; };
		688CD1971DEEE23100EA1414 /* CloudletBroker.swift */ = {isa = PBXFileReference; fileEncoding = 4; lastKnownFileType = sourcecode.swift; path = CloudletBroker.swift; sourceTree = "<group>"; };
		688CD1991DEEE2AF00EA1414 /* NetworkTopologyGraph.swift */ = {isa = PBXFileReference; fileEncoding = 4; lastKnownFileType = sourcecode.swift; path = NetworkTopologyGraph.swift; sourceTree = "<group>"; };
		688CD19B1DEEE51F00EA1414 /* TaskMaker.swift */ = {isa = PBXFileReference; fileEncoding = 4; lastKnownFileType = sourcecode.swift; path = TaskMaker.swift; sourceTree = "<group>"; };
		688CD19D1DEEE58B00EA1414 /* M3CBroker.swift */ = {isa = PBXFileReference; fileEncoding = 4; lastKnownFileType = sourcecode.swift; path = M3CBroker.swift; sourceTree = "<group>"; };
		688CD19F1DEEE60D00EA1414 /* PeProvisioner.swift */ = {isa = PBXFileReference; fileEncoding = 4; lastKnownFileType = sourcecode.swift; path = PeProvisioner.swift; sourceTree = "<group>"; };
		688CD1A11DEEE62000EA1414 /* RamProvisioner.swift */ = {isa = PBXFileReference; fileEncoding = 4; lastKnownFileType = sourcecode.swift; path = RamProvisioner.swift; sourceTree = "<group>"; };
		688CD1A31DEEE62D00EA1414 /* BwProvisioner.swift */ = {isa = PBXFileReference; fileEncoding = 4; lastKnownFileType = sourcecode.swift; path = BwProvisioner.swift; sourceTree = "<group>"; };
		688CD1A71DEEE69400EA1414 /* Dijkstra.swift */ = {isa = PBXFileReference; fileEncoding = 4; lastKnownFileType = sourcecode.swift; path = Dijkstra.swift; sourceTree = "<group>"; };
		688CD1A81DEEE69400EA1414 /* Constants.swift */ = {isa = PBXFileReference; fileEncoding = 4; lastKnownFileType = sourcecode.swift; path = Constants.swift; sourceTree = "<group>"; };
		688CD1AB1DEEE73A00EA1414 /* AlgorithmAdapter.swift */ = {isa = PBXFileReference; fileEncoding = 4; lastKnownFileType = sourcecode.swift; path = AlgorithmAdapter.swift; sourceTree = "<group>"; };
		688CD1AE1DEEE90500EA1414 /* TaskQueue.swift */ = {isa = PBXFileReference; fileEncoding = 4; lastKnownFileType = sourcecode.swift; path = TaskQueue.swift; sourceTree = "<group>"; };
		688CD1B01DEEE91700EA1414 /* CloudletList.swift */ = {isa = PBXFileReference; fileEncoding = 4; lastKnownFileType = sourcecode.swift; path = CloudletList.swift; sourceTree = "<group>"; };
		688CD1B21DEEE93700EA1414 /* HostList.swift */ = {isa = PBXFileReference; fileEncoding = 4; lastKnownFileType = sourcecode.swift; path = HostList.swift; sourceTree = "<group>"; };
		688CD1B41DEEE96100EA1414 /* CloudletBrokerList.swift */ = {isa = PBXFileReference; fileEncoding = 4; lastKnownFileType = sourcecode.swift; path = CloudletBrokerList.swift; sourceTree = "<group>"; };
		688CD1B61DEEE9AE00EA1414 /* RandomMath.swift */ = {isa = PBXFileReference; fileEncoding = 4; lastKnownFileType = sourcecode.swift; path = RandomMath.swift; sourceTree = "<group>"; };
		688CD1B91DEEEF3C00EA1414 /* NSDate-extension.swift */ = {isa = PBXFileReference; fileEncoding = 4; lastKnownFileType = sourcecode.swift; path = "NSDate-extension.swift"; sourceTree = "<group>"; };
		688CD1BB1DEEF2D400EA1414 /* Log.swift */ = {isa = PBXFileReference; fileEncoding = 4; lastKnownFileType = sourcecode.swift; path = Log.swift; sourceTree = "<group>"; };
		688CD1BD1DEEF87D00EA1414 /* TaskStatus.swift */ = {isa = PBXFileReference; fileEncoding = 4; lastKnownFileType = sourcecode.swift; path = TaskStatus.swift; sourceTree = "<group>"; };
		688CD1BF1DEEFD3F00EA1414 /* TaskTargetLever.swift */ = {isa = PBXFileReference; fileEncoding = 4; lastKnownFileType = sourcecode.swift; path = TaskTargetLever.swift; sourceTree = "<group>"; };
		688CD1C11DEF004600EA1414 /* ExecutionResource.swift */ = {isa = PBXFileReference; fileEncoding = 4; lastKnownFileType = sourcecode.swift; path = ExecutionResource.swift; sourceTree = "<group>"; };
		6893407E1DF009030075926C /* TaskQueueType.swift */ = {isa = PBXFileReference; fileEncoding = 4; lastKnownFileType = sourcecode.swift; path = TaskQueueType.swift; sourceTree = "<group>"; };
		689340801DF023070075926C /* AlgorithmType.swift */ = {isa = PBXFileReference; fileEncoding = 4; lastKnownFileType = sourcecode.swift; path = AlgorithmType.swift; sourceTree = "<group>"; };
		689340861DF037010075926C /* GlobalHandler.swift */ = {isa = PBXFileReference; fileEncoding = 4; lastKnownFileType = sourcecode.swift; path = GlobalHandler.swift; sourceTree = "<group>"; };
/* End PBXFileReference section */

/* Begin PBXFrameworksBuildPhase section */
		688CD1771DEEDA9B00EA1414 /* Frameworks */ = {
			isa = PBXFrameworksBuildPhase;
			buildActionMask = 2147483647;
			files = (
			);
			runOnlyForDeploymentPostprocessing = 0;
		};
/* End PBXFrameworksBuildPhase section */

/* Begin PBXGroup section */
		688CD1711DEEDA9B00EA1414 = {
			isa = PBXGroup;
			children = (
				688CD17C1DEEDA9C00EA1414 /* M3CSim */,
				688CD17B1DEEDA9C00EA1414 /* Products */,
			);
			sourceTree = "<group>";
		};
		688CD17B1DEEDA9C00EA1414 /* Products */ = {
			isa = PBXGroup;
			children = (
				688CD17A1DEEDA9C00EA1414 /* M3CSim.app */,
			);
			name = Products;
			sourceTree = "<group>";
		};
		688CD17C1DEEDA9C00EA1414 /* M3CSim */ = {
			isa = PBXGroup;
			children = (
				688CD1A51DEEE65D00EA1414 /* Core */,
				688CD1A61DEEE67200EA1414 /* Util */,
				688CD1AD1DEEE8E400EA1414 /* List */,
				688CD1B81DEEEF1900EA1414 /* extension */,
				688CD18A1DEEDC2000EA1414 /* AppDelegate */,
			);
			path = M3CSim;
			sourceTree = "<group>";
		};
		688CD18A1DEEDC2000EA1414 /* AppDelegate */ = {
			isa = PBXGroup;
			children = (
				688CD17D1DEEDA9C00EA1414 /* AppDelegate.swift */,
				688CD17F1DEEDA9C00EA1414 /* Assets.xcassets */,
				688CD1811DEEDA9C00EA1414 /* MainMenu.xib */,
				688CD1841DEEDA9C00EA1414 /* Info.plist */,
			);
			name = AppDelegate;
			sourceTree = "<group>";
		};
		688CD1A51DEEE65D00EA1414 /* Core */ = {
			isa = PBXGroup;
			children = (
				689340821DF0325D0075926C /* Task */,
				689340831DF032B40075926C /* Cloudlet */,
				689340841DF033330075926C /* Network */,
				689340851DF0335B0075926C /* Provisioner */,
				688CD18B1DEEDC6D00EA1414 /* M3CSim.swift */,
				6816F0271DF1822700BF0DE6 /* SimEntity.swift */,
				689340801DF023070075926C /* AlgorithmType.swift */,
				688CD19D1DEEE58B00EA1414 /* M3CBroker.swift */,
				688CD18D1DEEDE9F00EA1414 /* SimBroker.swift */,
				688CD1AB1DEEE73A00EA1414 /* AlgorithmAdapter.swift */,
			);
			name = Core;
			sourceTree = "<group>";
		};
		688CD1A61DEEE67200EA1414 /* Util */ = {
			isa = PBXGroup;
			children = (
				688CD1A71DEEE69400EA1414 /* Dijkstra.swift */,
				688CD1A81DEEE69400EA1414 /* Constants.swift */,
				688CD1B61DEEE9AE00EA1414 /* RandomMath.swift */,
				688CD1BB1DEEF2D400EA1414 /* Log.swift */,
				689340861DF037010075926C /* GlobalHandler.swift */,
			);
			name = Util;
			sourceTree = "<group>";
		};
		688CD1AD1DEEE8E400EA1414 /* List */ = {
			isa = PBXGroup;
			children = (
			);
			name = List;
			sourceTree = "<group>";
		};
		688CD1B81DEEEF1900EA1414 /* extension */ = {
			isa = PBXGroup;
			children = (
				688CD1B91DEEEF3C00EA1414 /* NSDate-extension.swift */,
			);
			name = extension;
			sourceTree = "<group>";
		};
		689340821DF0325D0075926C /* Task */ = {
			isa = PBXGroup;
			children = (
				688CD1911DEEE07300EA1414 /* Task.swift */,
				688CD1AE1DEEE90500EA1414 /* TaskQueue.swift */,
				688CD19B1DEEE51F00EA1414 /* TaskMaker.swift */,
				6816F0291DF1855100BF0DE6 /* TaskPhaseTime.swift */,
				6893407E1DF009030075926C /* TaskQueueType.swift */,
				688CD1BF1DEEFD3F00EA1414 /* TaskTargetLever.swift */,
				688CD1BD1DEEF87D00EA1414 /* TaskStatus.swift */,
				688CD1C11DEF004600EA1414 /* ExecutionResource.swift */,
			);
			name = Task;
			sourceTree = "<group>";
		};
		689340831DF032B40075926C /* Cloudlet */ = {
			isa = PBXGroup;
			children = (
				688CD18F1DEEE06300EA1414 /* Cloudlet.swift */,
				688CD1B01DEEE91700EA1414 /* CloudletList.swift */,
				688CD1971DEEE23100EA1414 /* CloudletBroker.swift */,
				688CD1B41DEEE96100EA1414 /* CloudletBrokerList.swift */,
				6816F02B1DF19C2100BF0DE6 /* CloudletStatisticsData.swift */,
				6816F0331DF1AA3B00BF0DE6 /* CloudletLever.swift */,
				688CD1931DEEE08200EA1414 /* Host.swift */,
				688CD1B21DEEE93700EA1414 /* HostList.swift */,
				6816F02D1DF1A29000BF0DE6 /* Pe.swift */,
				6816F02F1DF1A2A100BF0DE6 /* PeList.swift */,
			);
			name = Cloudlet;
			sourceTree = "<group>";
		};
		689340841DF033330075926C /* Network */ = {
			isa = PBXGroup;
			children = (
				688CD1991DEEE2AF00EA1414 /* NetworkTopologyGraph.swift */,
				6816F0311DF1A56B00BF0DE6 /* NetworkBroker.swift */,
				6816F0251DF15D2D00BF0DE6 /* NetworkHandler.swift */,
			);
			name = Network;
			sourceTree = "<group>";
		};
		689340851DF0335B0075926C /* Provisioner */ = {
			isa = PBXGroup;
			children = (
				688CD19F1DEEE60D00EA1414 /* PeProvisioner.swift */,
				688CD1A11DEEE62000EA1414 /* RamProvisioner.swift */,
				688CD1A31DEEE62D00EA1414 /* BwProvisioner.swift */,
			);
			name = Provisioner;
			sourceTree = "<group>";
		};
/* End PBXGroup section */

/* Begin PBXNativeTarget section */
		688CD1791DEEDA9B00EA1414 /* M3CSim */ = {
			isa = PBXNativeTarget;
			buildConfigurationList = 688CD1871DEEDA9C00EA1414 /* Build configuration list for PBXNativeTarget "M3CSim" */;
			buildPhases = (
				688CD1761DEEDA9B00EA1414 /* Sources */,
				688CD1771DEEDA9B00EA1414 /* Frameworks */,
				688CD1781DEEDA9B00EA1414 /* Resources */,
			);
			buildRules = (
			);
			dependencies = (
			);
			name = M3CSim;
			productName = M3CSim;
			productReference = 688CD17A1DEEDA9C00EA1414 /* M3CSim.app */;
			productType = "com.apple.product-type.application";
		};
/* End PBXNativeTarget section */

/* Begin PBXProject section */
		688CD1721DEEDA9B00EA1414 /* Project object */ = {
			isa = PBXProject;
			attributes = {
				LastSwiftUpdateCheck = 0720;
				LastUpgradeCheck = 0720;
				ORGANIZATIONNAME = haoyun;
				TargetAttributes = {
					688CD1791DEEDA9B00EA1414 = {
						CreatedOnToolsVersion = 7.2;
					};
				};
			};
			buildConfigurationList = 688CD1751DEEDA9B00EA1414 /* Build configuration list for PBXProject "M3CSim" */;
			compatibilityVersion = "Xcode 3.2";
			developmentRegion = English;
			hasScannedForEncodings = 0;
			knownRegions = (
				en,
				Base,
			);
			mainGroup = 688CD1711DEEDA9B00EA1414;
			productRefGroup = 688CD17B1DEEDA9C00EA1414 /* Products */;
			projectDirPath = "";
			projectRoot = "";
			targets = (
				688CD1791DEEDA9B00EA1414 /* M3CSim */,
			);
		};
/* End PBXProject section */

/* Begin PBXResourcesBuildPhase section */
		688CD1781DEEDA9B00EA1414 /* Resources */ = {
			isa = PBXResourcesBuildPhase;
			buildActionMask = 2147483647;
			files = (
				688CD1801DEEDA9C00EA1414 /* Assets.xcassets in Resources */,
				688CD1831DEEDA9C00EA1414 /* MainMenu.xib in Resources */,
			);
			runOnlyForDeploymentPostprocessing = 0;
		};
/* End PBXResourcesBuildPhase section */

/* Begin PBXSourcesBuildPhase section */
		688CD1761DEEDA9B00EA1414 /* Sources */ = {
			isa = PBXSourcesBuildPhase;
			buildActionMask = 2147483647;
			files = (
				688CD1981DEEE23100EA1414 /* CloudletBroker.swift in Sources */,
				688CD18E1DEEDE9F00EA1414 /* SimBroker.swift in Sources */,
				688CD1AC1DEEE73A00EA1414 /* AlgorithmAdapter.swift in Sources */,
				689340871DF037010075926C /* GlobalHandler.swift in Sources */,
				688CD1901DEEE06300EA1414 /* Cloudlet.swift in Sources */,
				6816F0261DF15D2D00BF0DE6 /* NetworkHandler.swift in Sources */,
				689340811DF023070075926C /* AlgorithmType.swift in Sources */,
				688CD1B51DEEE96100EA1414 /* CloudletBrokerList.swift in Sources */,
				688CD1C21DEF004600EA1414 /* ExecutionResource.swift in Sources */,
				688CD1921DEEE07300EA1414 /* Task.swift in Sources */,
				688CD1A41DEEE62D00EA1414 /* BwProvisioner.swift in Sources */,
				6816F02C1DF19C2100BF0DE6 /* CloudletStatisticsData.swift in Sources */,
				688CD1941DEEE08200EA1414 /* Host.swift in Sources */,
				6816F02A1DF1855100BF0DE6 /* TaskPhaseTime.swift in Sources */,
				688CD1AA1DEEE69400EA1414 /* Constants.swift in Sources */,
				688CD1C01DEEFD3F00EA1414 /* TaskTargetLever.swift in Sources */,
				688CD19A1DEEE2AF00EA1414 /* NetworkTopologyGraph.swift in Sources */,
				6816F0281DF1822700BF0DE6 /* SimEntity.swift in Sources */,
				6816F0321DF1A56B00BF0DE6 /* NetworkBroker.swift in Sources */,
				688CD1B11DEEE91700EA1414 /* CloudletList.swift in Sources */,
				6816F0301DF1A2A100BF0DE6 /* PeList.swift in Sources */,
				688CD1A01DEEE60D00EA1414 /* PeProvisioner.swift in Sources */,
				688CD1BE1DEEF87D00EA1414 /* TaskStatus.swift in Sources */,
				6893407F1DF009030075926C /* TaskQueueType.swift in Sources */,
				688CD19E1DEEE58B00EA1414 /* M3CBroker.swift in Sources */,
				688CD1BC1DEEF2D400EA1414 /* Log.swift in Sources */,
				688CD1AF1DEEE90500EA1414 /* TaskQueue.swift in Sources */,
				6816F0341DF1AA3B00BF0DE6 /* CloudletLever.swift in Sources */,
				688CD19C1DEEE51F00EA1414 /* TaskMaker.swift in Sources */,
				688CD1BA1DEEEF3C00EA1414 /* NSDate-extension.swift in Sources */,
				6816F02E1DF1A29000BF0DE6 /* Pe.swift in Sources */,
				688CD17E1DEEDA9C00EA1414 /* AppDelegate.swift in Sources */,
				688CD1A21DEEE62000EA1414 /* RamProvisioner.swift in Sources */,
				688CD18C1DEEDC6D00EA1414 /* M3CSim.swift in Sources */,
				688CD1A91DEEE69400EA1414 /* Dijkstra.swift in Sources */,
				688CD1B71DEEE9AE00EA1414 /* RandomMath.swift in Sources */,
				688CD1B31DEEE93700EA1414 /* HostList.swift in Sources */,
			);
			runOnlyForDeploymentPostprocessing = 0;
		};
/* End PBXSourcesBuildPhase section */

/* Begin PBXVariantGroup section */
		688CD1811DEEDA9C00EA1414 /* MainMenu.xib */ = {
			isa = PBXVariantGroup;
			children = (
				688CD1821DEEDA9C00EA1414 /* Base */,
			);
			name = MainMenu.xib;
			sourceTree = "<group>";
		};
/* End PBXVariantGroup section */

/* Begin XCBuildConfiguration section */
		688CD1851DEEDA9C00EA1414 /* Debug */ = {
			isa = XCBuildConfiguration;
			buildSettings = {
				ALWAYS_SEARCH_USER_PATHS = NO;
				CLANG_CXX_LANGUAGE_STANDARD = "gnu++0x";
				CLANG_CXX_LIBRARY = "libc++";
				CLANG_ENABLE_MODULES = YES;
				CLANG_ENABLE_OBJC_ARC = YES;
				CLANG_WARN_BOOL_CONVERSION = YES;
				CLANG_WARN_CONSTANT_CONVERSION = YES;
				CLANG_WARN_DIRECT_OBJC_ISA_USAGE = YES_ERROR;
				CLANG_WARN_EMPTY_BODY = YES;
				CLANG_WARN_ENUM_CONVERSION = YES;
				CLANG_WARN_INT_CONVERSION = YES;
				CLANG_WARN_OBJC_ROOT_CLASS = YES_ERROR;
				CLANG_WARN_UNREACHABLE_CODE = YES;
				CLANG_WARN__DUPLICATE_METHOD_MATCH = YES;
				CODE_SIGN_IDENTITY = "-";
				COPY_PHASE_STRIP = NO;
				DEBUG_INFORMATION_FORMAT = dwarf;
				ENABLE_STRICT_OBJC_MSGSEND = YES;
				ENABLE_TESTABILITY = YES;
				GCC_C_LANGUAGE_STANDARD = gnu99;
				GCC_DYNAMIC_NO_PIC = NO;
				GCC_NO_COMMON_BLOCKS = YES;
				GCC_OPTIMIZATION_LEVEL = 0;
				GCC_PREPROCESSOR_DEFINITIONS = (
					"DEBUG=1",
					"$(inherited)",
				);
				GCC_WARN_64_TO_32_BIT_CONVERSION = YES;
				GCC_WARN_ABOUT_RETURN_TYPE = YES_ERROR;
				GCC_WARN_UNDECLARED_SELECTOR = YES;
				GCC_WARN_UNINITIALIZED_AUTOS = YES_AGGRESSIVE;
				GCC_WARN_UNUSED_FUNCTION = YES;
				GCC_WARN_UNUSED_VARIABLE = YES;
				MACOSX_DEPLOYMENT_TARGET = 10.10;
				MTL_ENABLE_DEBUG_INFO = YES;
				ONLY_ACTIVE_ARCH = YES;
				SDKROOT = macosx;
				SWIFT_OPTIMIZATION_LEVEL = "-Onone";
			};
			name = Debug;
		};
		688CD1861DEEDA9C00EA1414 /* Release */ = {
			isa = XCBuildConfiguration;
			buildSettings = {
				ALWAYS_SEARCH_USER_PATHS = NO;
				CLANG_CXX_LANGUAGE_STANDARD = "gnu++0x";
				CLANG_CXX_LIBRARY = "libc++";
				CLANG_ENABLE_MODULES = YES;
				CLANG_ENABLE_OBJC_ARC = YES;
				CLANG_WARN_BOOL_CONVERSION = YES;
				CLANG_WARN_CONSTANT_CONVERSION = YES;
				CLANG_WARN_DIRECT_OBJC_ISA_USAGE = YES_ERROR;
				CLANG_WARN_EMPTY_BODY = YES;
				CLANG_WARN_ENUM_CONVERSION = YES;
				CLANG_WARN_INT_CONVERSION = YES;
				CLANG_WARN_OBJC_ROOT_CLASS = YES_ERROR;
				CLANG_WARN_UNREACHABLE_CODE = YES;
				CLANG_WARN__DUPLICATE_METHOD_MATCH = YES;
				CODE_SIGN_IDENTITY = "-";
				COPY_PHASE_STRIP = NO;
				DEBUG_INFORMATION_FORMAT = "dwarf-with-dsym";
				ENABLE_NS_ASSERTIONS = NO;
				ENABLE_STRICT_OBJC_MSGSEND = YES;
				GCC_C_LANGUAGE_STANDARD = gnu99;
				GCC_NO_COMMON_BLOCKS = YES;
				GCC_WARN_64_TO_32_BIT_CONVERSION = YES;
				GCC_WARN_ABOUT_RETURN_TYPE = YES_ERROR;
				GCC_WARN_UNDECLARED_SELECTOR = YES;
				GCC_WARN_UNINITIALIZED_AUTOS = YES_AGGRESSIVE;
				GCC_WARN_UNUSED_FUNCTION = YES;
				GCC_WARN_UNUSED_VARIABLE = YES;
				MACOSX_DEPLOYMENT_TARGET = 10.10;
				MTL_ENABLE_DEBUG_INFO = NO;
				SDKROOT = macosx;
			};
			name = Release;
		};
		688CD1881DEEDA9C00EA1414 /* Debug */ = {
			isa = XCBuildConfiguration;
			buildSettings = {
				ASSETCATALOG_COMPILER_APPICON_NAME = AppIcon;
				COMBINE_HIDPI_IMAGES = YES;
				INFOPLIST_FILE = M3CSim/Info.plist;
				LD_RUNPATH_SEARCH_PATHS = "$(inherited) @executable_path/../Frameworks";
				PRODUCT_BUNDLE_IDENTIFIER = com.haoyun.M3CSim;
				PRODUCT_NAME = "$(TARGET_NAME)";
			};
			name = Debug;
		};
		688CD1891DEEDA9C00EA1414 /* Release */ = {
			isa = XCBuildConfiguration;
			buildSettings = {
				ASSETCATALOG_COMPILER_APPICON_NAME = AppIcon;
				COMBINE_HIDPI_IMAGES = YES;
				INFOPLIST_FILE = M3CSim/Info.plist;
				LD_RUNPATH_SEARCH_PATHS = "$(inherited) @executable_path/../Frameworks";
				PRODUCT_BUNDLE_IDENTIFIER = com.haoyun.M3CSim;
				PRODUCT_NAME = "$(TARGET_NAME)";
			};
			name = Release;
		};
/* End XCBuildConfiguration section */

/* Begin XCConfigurationList section */
		688CD1751DEEDA9B00EA1414 /* Build configuration list for PBXProject "M3CSim" */ = {
			isa = XCConfigurationList;
			buildConfigurations = (
				688CD1851DEEDA9C00EA1414 /* Debug */,
				688CD1861DEEDA9C00EA1414 /* Release */,
			);
			defaultConfigurationIsVisible = 0;
			defaultConfigurationName = Release;
		};
		688CD1871DEEDA9C00EA1414 /* Build configuration list for PBXNativeTarget "M3CSim" */ = {
			isa = XCConfigurationList;
			buildConfigurations = (
				688CD1881DEEDA9C00EA1414 /* Debug */,
				688CD1891DEEDA9C00EA1414 /* Release */,
			);
			defaultConfigurationIsVisible = 0;
			defaultConfigurationName = Release;
		};
/* End XCConfigurationList section */
	};
	rootObject = 688CD1721DEEDA9B00EA1414 /* Project object */;
}
